
Microsoft Visual Studio Solution File, Format Version 12.00
# Visual Studio Version 17
VisualStudioVersion = 17.6.34728.177
MinimumVisualStudioVersion = 10.0.40219.1
Project("{888888A0-9F3D-457C-B088-3A5042F75D52}") = "KiLearning", "KiLearning\KiLearning.pyproj", "{E5DAF669-23B6-4567-8B83-0178D2FB7385}"
EndProject
Global
	GlobalSection(SolutionConfigurationPlatforms) = preSolution
		Debug|Any CPU = Debug|Any CPU
		Release|Any CPU = Release|Any CPU
	EndGlobalSection
	GlobalSection(ProjectConfigurationPlatforms) = postSolution
		{E5DAF669-23B6-4567-8B83-0178D2FB7385}.Debug|Any CPU.ActiveCfg = Debug|Any CPU
		{E5DAF669-23B6-4567-8B83-0178D2FB7385}.Release|Any CPU.ActiveCfg = Release|Any CPU
	EndGlobalSection
	GlobalSection(SolutionProperties) = preSolution
		HideSolutionNode = FALSE
	EndGlobalSection
	GlobalSection(ExtensibilityGlobals) = postSolution
		SolutionGuid = {FAA657FB-7E04-4A13-BAC4-4CFD759CBD91}
	EndGlobalSection
EndGlobal
